
Microsoft Visual Studio Solution File, Format Version 12.00
# Visual Studio Version 17
VisualStudioVersion = 17.2.32602.215
MinimumVisualStudioVersion = 10.0.40219.1
Project("{8BC9CEB8-8B4A-11D0-8D11-00A0C91BC942}") = "Proj01", "Proj01\Proj01.vcxproj", "{8AA64E30-63DC-4312-A954-44B2D3248F53}"
EndProject
Project("{8BC9CEB8-8B4A-11D0-8D11-00A0C91BC942}") = "Proj02", "Proj02\Proj02.vcxproj", "{9BE9C434-0B6A-4AD7-BEB3-CF7D7E44DE5E}"
EndProject
Project("{8BC9CEB8-8B4A-11D0-8D11-00A0C91BC942}") = "Proj09", "Proj09\Proj09.vcxproj", "{8BA79E9C-0A10-43B3-A692-800A2D905268}"
EndProject
Project("{8BC9CEB8-8B4A-11D0-8D11-00A0C91BC942}") = "Proj10", "Proj10\Proj10.vcxproj", "{D5BFE65C-89DF-4B32-B8F6-2A9DF3F0253C}"
EndProject
Project("{8BC9CEB8-8B4A-11D0-8D11-00A0C91BC942}") = "Proj11", "Proj11\Proj11.vcxproj", "{F09A57C3-D3AA-4225-AA6F-B0F2EA424694}"
EndProject
Project("{8BC9CEB8-8B4A-11D0-8D11-00A0C91BC942}") = "Proj12", "Proj12\Proj12.vcxproj", "{D0100431-0CE8-4641-AAB0-51945AC84264}"
EndProject
Project("{8BC9CEB8-8B4A-11D0-8D11-00A0C91BC942}") = "expandingWindow", "expandingWindow\expandingWindow.vcxproj", "{0C824E81-A3E9-49E6-9548-4B06B4058DD9}"
EndProject
Project("{8BC9CEB8-8B4A-11D0-8D11-00A0C91BC942}") = "grassField", "grassField\grassField.vcxproj", "{4F55585B-4E55-4186-AC7B-00576FEC858E}"
EndProject
Project("{8BC9CEB8-8B4A-11D0-8D11-00A0C91BC942}") = "pong", "pong\pong.vcxproj", "{03D31516-96D3-4B16-962C-B131C14A5426}"
EndProject
Project("{8BC9CEB8-8B4A-11D0-8D11-00A0C91BC942}") = "fetchWebPage", "fetchWebPage\fetchWebPage.vcxproj", "{397866C5-1C30-4A47-BF66-63CA931CDB35}"
EndProject
Project("{8BC9CEB8-8B4A-11D0-8D11-00A0C91BC942}") = "Proj14", "Proj14\Proj14.vcxproj", "{48389BB3-D3FA-41E3-B521-96E3AEFBAB5D}"
EndProject
Project("{8BC9CEB8-8B4A-11D0-8D11-00A0C91BC942}") = "Proj15", "Proj15\Proj15.vcxproj", "{738C6AF2-768E-4216-9182-DC133C8B5297}"
EndProject
Global
	GlobalSection(SolutionConfigurationPlatforms) = preSolution
		Debug|x64 = Debug|x64
		Debug|x86 = Debug|x86
		Release|x64 = Release|x64
		Release|x86 = Release|x86
	EndGlobalSection
	GlobalSection(ProjectConfigurationPlatforms) = postSolution
		{8AA64E30-63DC-4312-A954-44B2D3248F53}.Debug|x64.ActiveCfg = Debug|x64
		{8AA64E30-63DC-4312-A954-44B2D3248F53}.Debug|x64.Build.0 = Debug|x64
		{8AA64E30-63DC-4312-A954-44B2D3248F53}.Debug|x86.ActiveCfg = Debug|Win32
		{8AA64E30-63DC-4312-A954-44B2D3248F53}.Debug|x86.Build.0 = Debug|Win32
		{8AA64E30-63DC-4312-A954-44B2D3248F53}.Release|x64.ActiveCfg = Release|x64
		{8AA64E30-63DC-4312-A954-44B2D3248F53}.Release|x64.Build.0 = Release|x64
		{8AA64E30-63DC-4312-A954-44B2D3248F53}.Release|x86.ActiveCfg = Release|Win32
		{8AA64E30-63DC-4312-A954-44B2D3248F53}.Release|x86.Build.0 = Release|Win32
		{9BE9C434-0B6A-4AD7-BEB3-CF7D7E44DE5E}.Debug|x64.ActiveCfg = Debug|x64
		{9BE9C434-0B6A-4AD7-BEB3-CF7D7E44DE5E}.Debug|x64.Build.0 = Debug|x64
		{9BE9C434-0B6A-4AD7-BEB3-CF7D7E44DE5E}.Debug|x86.ActiveCfg = Debug|Win32
		{9BE9C434-0B6A-4AD7-BEB3-CF7D7E44DE5E}.Debug|x86.Build.0 = Debug|Win32
		{9BE9C434-0B6A-4AD7-BEB3-CF7D7E44DE5E}.Release|x64.ActiveCfg = Release|x64
		{9BE9C434-0B6A-4AD7-BEB3-CF7D7E44DE5E}.Release|x64.Build.0 = Release|x64
		{9BE9C434-0B6A-4AD7-BEB3-CF7D7E44DE5E}.Release|x86.ActiveCfg = Release|Win32
		{9BE9C434-0B6A-4AD7-BEB3-CF7D7E44DE5E}.Release|x86.Build.0 = Release|Win32
		{8BA79E9C-0A10-43B3-A692-800A2D905268}.Debug|x64.ActiveCfg = Debug|x64
		{8BA79E9C-0A10-43B3-A692-800A2D905268}.Debug|x64.Build.0 = Debug|x64
		{8BA79E9C-0A10-43B3-A692-800A2D905268}.Debug|x86.ActiveCfg = Debug|Win32
		{8BA79E9C-0A10-43B3-A692-800A2D905268}.Debug|x86.Build.0 = Debug|Win32
		{8BA79E9C-0A10-43B3-A692-800A2D905268}.Release|x64.ActiveCfg = Release|x64
		{8BA79E9C-0A10-43B3-A692-800A2D905268}.Release|x64.Build.0 = Release|x64
		{8BA79E9C-0A10-43B3-A692-800A2D905268}.Release|x86.ActiveCfg = Release|Win32
		{8BA79E9C-0A10-43B3-A692-800A2D905268}.Release|x86.Build.0 = Release|Win32
		{D5BFE65C-89DF-4B32-B8F6-2A9DF3F0253C}.Debug|x64.ActiveCfg = Debug|x64
		{D5BFE65C-89DF-4B32-B8F6-2A9DF3F0253C}.Debug|x64.Build.0 = Debug|x64
		{D5BFE65C-89DF-4B32-B8F6-2A9DF3F0253C}.Debug|x86.ActiveCfg = Debug|Win32
		{D5BFE65C-89DF-4B32-B8F6-2A9DF3F0253C}.Debug|x86.Build.0 = Debug|Win32
		{D5BFE65C-89DF-4B32-B8F6-2A9DF3F0253C}.Release|x64.ActiveCfg = Release|x64
		{D5BFE65C-89DF-4B32-B8F6-2A9DF3F0253C}.Release|x64.Build.0 = Release|x64
		{D5BFE65C-89DF-4B32-B8F6-2A9DF3F0253C}.Release|x86.ActiveCfg = Release|Win32
		{D5BFE65C-89DF-4B32-B8F6-2A9DF3F0253C}.Release|x86.Build.0 = Release|Win32
		{F09A57C3-D3AA-4225-AA6F-B0F2EA424694}.Debug|x64.ActiveCfg = Debug|x64
		{F09A57C3-D3AA-4225-AA6F-B0F2EA424694}.Debug|x64.Build.0 = Debug|x64
		{F09A57C3-D3AA-4225-AA6F-B0F2EA424694}.Debug|x86.ActiveCfg = Debug|Win32
		{F09A57C3-D3AA-4225-AA6F-B0F2EA424694}.Debug|x86.Build.0 = Debug|Win32
		{F09A57C3-D3AA-4225-AA6F-B0F2EA424694}.Release|x64.ActiveCfg = Release|x64
		{F09A57C3-D3AA-4225-AA6F-B0F2EA424694}.Release|x64.Build.0 = Release|x64
		{F09A57C3-D3AA-4225-AA6F-B0F2EA424694}.Release|x86.ActiveCfg = Release|Win32
		{F09A57C3-D3AA-4225-AA6F-B0F2EA424694}.Release|x86.Build.0 = Release|Win32
		{D0100431-0CE8-4641-AAB0-51945AC84264}.Debug|x64.ActiveCfg = Debug|x64
		{D0100431-0CE8-4641-AAB0-51945AC84264}.Debug|x64.Build.0 = Debug|x64
		{D0100431-0CE8-4641-AAB0-51945AC84264}.Debug|x86.ActiveCfg = Debug|Win32
		{D0100431-0CE8-4641-AAB0-51945AC84264}.Debug|x86.Build.0 = Debug|Win32
		{D0100431-0CE8-4641-AAB0-51945AC84264}.Release|x64.ActiveCfg = Release|x64
		{D0100431-0CE8-4641-AAB0-51945AC84264}.Release|x64.Build.0 = Release|x64
		{D0100431-0CE8-4641-AAB0-51945AC84264}.Release|x86.ActiveCfg = Release|Win32
		{D0100431-0CE8-4641-AAB0-51945AC84264}.Release|x86.Build.0 = Release|Win32
		{0C824E81-A3E9-49E6-9548-4B06B4058DD9}.Debug|x64.ActiveCfg = Debug|x64
		{0C824E81-A3E9-49E6-9548-4B06B4058DD9}.Debug|x64.Build.0 = Debug|x64
		{0C824E81-A3E9-49E6-9548-4B06B4058DD9}.Debug|x86.ActiveCfg = Debug|Win32
		{0C824E81-A3E9-49E6-9548-4B06B4058DD9}.Debug|x86.Build.0 = Debug|Win32
		{0C824E81-A3E9-49E6-9548-4B06B4058DD9}.Release|x64.ActiveCfg = Release|x64
		{0C824E81-A3E9-49E6-9548-4B06B4058DD9}.Release|x64.Build.0 = Release|x64
		{0C824E81-A3E9-49E6-9548-4B06B4058DD9}.Release|x86.ActiveCfg = Release|Win32
		{0C824E81-A3E9-49E6-9548-4B06B4058DD9}.Release|x86.Build.0 = Release|Win32
		{4F55585B-4E55-4186-AC7B-00576FEC858E}.Debug|x64.ActiveCfg = Debug|x64
		{4F55585B-4E55-4186-AC7B-00576FEC858E}.Debug|x64.Build.0 = Debug|x64
		{4F55585B-4E55-4186-AC7B-00576FEC858E}.Debug|x86.ActiveCfg = Debug|Win32
		{4F55585B-4E55-4186-AC7B-00576FEC858E}.Debug|x86.Build.0 = Debug|Win32
		{4F55585B-4E55-4186-AC7B-00576FEC858E}.Release|x64.ActiveCfg = Release|x64
		{4F55585B-4E55-4186-AC7B-00576FEC858E}.Release|x64.Build.0 = Release|x64
		{4F55585B-4E55-4186-AC7B-00576FEC858E}.Release|x86.ActiveCfg = Release|Win32
		{4F55585B-4E55-4186-AC7B-00576FEC858E}.Release|x86.Build.0 = Release|Win32
		{03D31516-96D3-4B16-962C-B131C14A5426}.Debug|x64.ActiveCfg = Debug|x64
		{03D31516-96D3-4B16-962C-B131C14A5426}.Debug|x64.Build.0 = Debug|x64
		{03D31516-96D3-4B16-962C-B131C14A5426}.Debug|x86.ActiveCfg = Debug|Win32
		{03D31516-96D3-4B16-962C-B131C14A5426}.Debug|x86.Build.0 = Debug|Win32
		{03D31516-96D3-4B16-962C-B131C14A5426}.Release|x64.ActiveCfg = Release|x64
		{03D31516-96D3-4B16-962C-B131C14A5426}.Release|x64.Build.0 = Release|x64
		{03D31516-96D3-4B16-962C-B131C14A5426}.Release|x86.ActiveCfg = Release|Win32
		{03D31516-96D3-4B16-962C-B131C14A5426}.Release|x86.Build.0 = Release|Win32
		{397866C5-1C30-4A47-BF66-63CA931CDB35}.Debug|x64.ActiveCfg = Debug|x64
		{397866C5-1C30-4A47-BF66-63CA931CDB35}.Debug|x64.Build.0 = Debug|x64
		{397866C5-1C30-4A47-BF66-63CA931CDB35}.Debug|x86.ActiveCfg = Debug|Win32
		{397866C5-1C30-4A47-BF66-63CA931CDB35}.Debug|x86.Build.0 = Debug|Win32
		{397866C5-1C30-4A47-BF66-63CA931CDB35}.Release|x64.ActiveCfg = Release|x64
		{397866C5-1C30-4A47-BF66-63CA931CDB35}.Release|x64.Build.0 = Release|x64
		{397866C5-1C30-4A47-BF66-63CA931CDB35}.Release|x86.ActiveCfg = Release|Win32
		{397866C5-1C30-4A47-BF66-63CA931CDB35}.Release|x86.Build.0 = Release|Win32
		{48389BB3-D3FA-41E3-B521-96E3AEFBAB5D}.Debug|x64.ActiveCfg = Debug|x64
		{48389BB3-D3FA-41E3-B521-96E3AEFBAB5D}.Debug|x64.Build.0 = Debug|x64
		{48389BB3-D3FA-41E3-B521-96E3AEFBAB5D}.Debug|x86.ActiveCfg = Debug|Win32
		{48389BB3-D3FA-41E3-B521-96E3AEFBAB5D}.Debug|x86.Build.0 = Debug|Win32
		{48389BB3-D3FA-41E3-B521-96E3AEFBAB5D}.Release|x64.ActiveCfg = Release|x64
		{48389BB3-D3FA-41E3-B521-96E3AEFBAB5D}.Release|x64.Build.0 = Release|x64
		{48389BB3-D3FA-41E3-B521-96E3AEFBAB5D}.Release|x86.ActiveCfg = Release|Win32
		{48389BB3-D3FA-41E3-B521-96E3AEFBAB5D}.Release|x86.Build.0 = Release|Win32
		{738C6AF2-768E-4216-9182-DC133C8B5297}.Debug|x64.ActiveCfg = Debug|x64
		{738C6AF2-768E-4216-9182-DC133C8B5297}.Debug|x64.Build.0 = Debug|x64
		{738C6AF2-768E-4216-9182-DC133C8B5297}.Debug|x86.ActiveCfg = Debug|Win32
		{738C6AF2-768E-4216-9182-DC133C8B5297}.Debug|x86.Build.0 = Debug|Win32
		{738C6AF2-768E-4216-9182-DC133C8B5297}.Release|x64.ActiveCfg = Release|x64
		{738C6AF2-768E-4216-9182-DC133C8B5297}.Release|x64.Build.0 = Release|x64
		{738C6AF2-768E-4216-9182-DC133C8B5297}.Release|x86.ActiveCfg = Release|Win32
		{738C6AF2-768E-4216-9182-DC133C8B5297}.Release|x86.Build.0 = Release|Win32
	EndGlobalSection
	GlobalSection(SolutionProperties) = preSolution
		HideSolutionNode = FALSE
	EndGlobalSection
	GlobalSection(ExtensibilityGlobals) = postSolution
		SolutionGuid = {C2C2E037-DDAC-4EE9-8F5D-492D9AC9A3B9}
	EndGlobalSection
EndGlobal
